
Microsoft Visual Studio Solution File, Format Version 12.00
# Visual Studio Version 16
VisualStudioVersion = 16.0.30002.166
MinimumVisualStudioVersion = 10.0.40219.1
Project("{9A19103F-16F7-4668-BE54-9A1E7A4F7556}") = "Server", "Server\Server.csproj", "{6E4ADB38-0B3A-4007-AD29-768B9F083588}"
EndProject
Project("{FAE04EC0-301F-11D3-BF4B-00C04F79EFBC}") = "Client", "Client\Client.csproj", "{F29011CA-C81B-4AFE-BC15-65E679D912D9}"
EndProject
Global
	GlobalSection(SolutionConfigurationPlatforms) = preSolution
		Debug|Any CPU = Debug|Any CPU
		Release|Any CPU = Release|Any CPU
	EndGlobalSection
	GlobalSection(ProjectConfigurationPlatforms) = postSolution
		{6E4ADB38-0B3A-4007-AD29-768B9F083588}.Debug|Any CPU.ActiveCfg = Debug|Any CPU
		{6E4ADB38-0B3A-4007-AD29-768B9F083588}.Debug|Any CPU.Build.0 = Debug|Any CPU
		{6E4ADB38-0B3A-4007-AD29-768B9F083588}.Release|Any CPU.ActiveCfg = Release|Any CPU
		{6E4ADB38-0B3A-4007-AD29-768B9F083588}.Release|Any CPU.Build.0 = Release|Any CPU
		{F29011CA-C81B-4AFE-BC15-65E679D912D9}.Debug|Any CPU.ActiveCfg = Debug|Any CPU
		{F29011CA-C81B-4AFE-BC15-65E679D912D9}.Debug|Any CPU.Build.0 = Debug|Any CPU
		{F29011CA-C81B-4AFE-BC15-65E679D912D9}.Release|Any CPU.ActiveCfg = Release|Any CPU
		{F29011CA-C81B-4AFE-BC15-65E679D912D9}.Release|Any CPU.Build.0 = Release|Any CPU
	EndGlobalSection
	GlobalSection(SolutionProperties) = preSolution
		HideSolutionNode = FALSE
	EndGlobalSection
	GlobalSection(ExtensibilityGlobals) = postSolution
		SolutionGuid = {837D0C31-58CC-4B00-B184-5AF3D194A5F4}
	EndGlobalSection
EndGlobal
